// !$*UTF8*$!
{
	archiveVersion = 1;
	classes = {
	};
	objectVersion = 46;
	objects = {

/* Begin PBXBuildFile section */
		DC56412F1E8E32FC008DDAFB /* AppDelegate.swift in Sources */ = {isa = PBXBuildFile; fileRef = DC56412E1E8E32FC008DDAFB /* AppDelegate.swift */; };
		DC5641311E8E32FC008DDAFB /* ViewController.swift in Sources */ = {isa = PBXBuildFile; fileRef = DC5641301E8E32FC008DDAFB /* ViewController.swift */; };
		DC5641341E8E32FC008DDAFB /* Main.storyboard in Resources */ = {isa = PBXBuildFile; fileRef = DC5641321E8E32FC008DDAFB /* Main.storyboard */; };
		DC5641361E8E32FC008DDAFB /* Assets.xcassets in Resources */ = {isa = PBXBuildFile; fileRef = DC5641351E8E32FC008DDAFB /* Assets.xcassets */; };
		DC5641391E8E32FC008DDAFB /* LaunchScreen.storyboard in Resources */ = {isa = PBXBuildFile; fileRef = DC5641371E8E32FC008DDAFB /* LaunchScreen.storyboard */; };
		DC5641611E8E71C7008DDAFB /* CVCell.swift in Sources */ = {isa = PBXBuildFile; fileRef = DC5641601E8E71C7008DDAFB /* CVCell.swift */; };
		DC8D33EC1E921A7F004D4BC1 /* items.plist in Resources */ = {isa = PBXBuildFile; fileRef = DC8D33EB1E921A7F004D4BC1 /* items.plist */; };
		DC8D33EE1E92365D004D4BC1 /* CollectionReusableView.swift in Sources */ = {isa = PBXBuildFile; fileRef = DC8D33ED1E92365D004D4BC1 /* CollectionReusableView.swift */; };
/* End PBXBuildFile section */

/* Begin PBXFileReference section */
		DC56412B1E8E32FB008DDAFB /* CollectionViewDemo.app */ = {isa = PBXFileReference; explicitFileType = wrapper.application; includeInIndex = 0; path = CollectionViewDemo.app; sourceTree = BUILT_PRODUCTS_DIR; };
		DC56412E1E8E32FC008DDAFB /* AppDelegate.swift */ = {isa = PBXFileReference; lastKnownFileType = sourcecode.swift; path = AppDelegate.swift; sourceTree = "<group>"; };
		DC5641301E8E32FC008DDAFB /* ViewController.swift */ = {isa = PBXFileReference; lastKnownFileType = sourcecode.swift; path = ViewController.swift; sourceTree = "<group>"; };
		DC5641331E8E32FC008DDAFB /* Base */ = {isa = PBXFileReference; lastKnownFileType = file.storyboard; name = Base; path = Base.lproj/Main.storyboard; sourceTree = "<group>"; };
		DC5641351E8E32FC008DDAFB /* Assets.xcassets */ = {isa = PBXFileReference; lastKnownFileType = folder.assetcatalog; path = Assets.xcassets; sourceTree = "<group>"; };
		DC5641381E8E32FC008DDAFB /* Base */ = {isa = PBXFileReference; lastKnownFileType = file.storyboard; name = Base; path = Base.lproj/LaunchScreen.storyboard; sourceTree = "<group>"; };
		DC56413A1E8E32FC008DDAFB /* Info.plist */ = {isa = PBXFileReference; lastKnownFileType = text.plist.xml; path = Info.plist; sourceTree = "<group>"; };
		DC5641601E8E71C7008DDAFB /* CVCell.swift */ = {isa = PBXFileReference; fileEncoding = 4; lastKnownFileType = sourcecode.swift; path = CVCell.swift; sourceTree = "<group>"; };
		DC8D33EB1E921A7F004D4BC1 /* items.plist */ = {isa = PBXFileReference; fileEncoding = 4; lastKnownFileType = text.plist.xml; path = items.plist; sourceTree = "<group>"; };
		DC8D33ED1E92365D004D4BC1 /* CollectionReusableView.swift */ = {isa = PBXFileReference; fileEncoding = 4; lastKnownFileType = sourcecode.swift; path = CollectionReusableView.swift; sourceTree = "<group>"; };
/* End PBXFileReference section */

/* Begin PBXFrameworksBuildPhase section */
		DC5641281E8E32FB008DDAFB /* Frameworks */ = {
			isa = PBXFrameworksBuildPhase;
			buildActionMask = 2147483647;
			files = (
			);
			runOnlyForDeploymentPostprocessing = 0;
		};
/* End PBXFrameworksBuildPhase section */

/* Begin PBXGroup section */
		DC5641221E8E32FB008DDAFB = {
			isa = PBXGroup;
			children = (
				DC8D33EB1E921A7F004D4BC1 /* items.plist */,
				DC56412D1E8E32FB008DDAFB /* CollectionViewDemo */,
				DC56412C1E8E32FB008DDAFB /* Products */,
			);
			sourceTree = "<group>";
		};
		DC56412C1E8E32FB008DDAFB /* Products */ = {
			isa = PBXGroup;
			children = (
				DC56412B1E8E32FB008DDAFB /* CollectionViewDemo.app */,
			);
			name = Products;
			sourceTree = "<group>";
		};
		DC56412D1E8E32FB008DDAFB /* CollectionViewDemo */ = {
			isa = PBXGroup;
			children = (
				DC56412E1E8E32FC008DDAFB /* AppDelegate.swift */,
				DC5641301E8E32FC008DDAFB /* ViewController.swift */,
				DC5641601E8E71C7008DDAFB /* CVCell.swift */,
				DC5641321E8E32FC008DDAFB /* Main.storyboard */,
				DC5641351E8E32FC008DDAFB /* Assets.xcassets */,
				DC5641371E8E32FC008DDAFB /* LaunchScreen.storyboard */,
				DC56413A1E8E32FC008DDAFB /* Info.plist */,
				DC8D33ED1E92365D004D4BC1 /* CollectionReusableView.swift */,
			);
			path = CollectionViewDemo;
			sourceTree = "<group>";
		};
/* End PBXGroup section */

/* Begin PBXNativeTarget section */
		DC56412A1E8E32FB008DDAFB /* CollectionViewDemo */ = {
			isa = PBXNativeTarget;
			buildConfigurationList = DC56413D1E8E32FC008DDAFB /* Build configuration list for PBXNativeTarget "CollectionViewDemo" */;
			buildPhases = (
				DC5641271E8E32FB008DDAFB /* Sources */,
				DC5641281E8E32FB008DDAFB /* Frameworks */,
				DC5641291E8E32FB008DDAFB /* Resources */,
			);
			buildRules = (
			);
			dependencies = (
			);
			name = CollectionViewDemo;
			productName = CollectionViewDemo;
			productReference = DC56412B1E8E32FB008DDAFB /* CollectionViewDemo.app */;
			productType = "com.apple.product-type.application";
		};
/* End PBXNativeTarget section */

/* Begin PBXProject section */
		DC5641231E8E32FB008DDAFB /* Project object */ = {
			isa = PBXProject;
			attributes = {
				LastSwiftUpdateCheck = 0820;
				LastUpgradeCheck = 0820;
				ORGANIZATIONNAME = Bansi;
				TargetAttributes = {
					DC56412A1E8E32FB008DDAFB = {
						CreatedOnToolsVersion = 8.2.1;
						ProvisioningStyle = Automatic;
					};
				};
			};
			buildConfigurationList = DC5641261E8E32FB008DDAFB /* Build configuration list for PBXProject "CollectionViewDemo" */;
			compatibilityVersion = "Xcode 3.2";
			developmentRegion = English;
			hasScannedForEncodings = 0;
			knownRegions = (
				en,
				Base,
			);
			mainGroup = DC5641221E8E32FB008DDAFB;
			productRefGroup = DC56412C1E8E32FB008DDAFB /* Products */;
			projectDirPath = "";
			projectRoot = "";
			targets = (
				DC56412A1E8E32FB008DDAFB /* CollectionViewDemo */,
			);
		};
/* End PBXProject section */

/* Begin PBXResourcesBuildPhase section */
		DC5641291E8E32FB008DDAFB /* Resources */ = {
			isa = PBXResourcesBuildPhase;
			buildActionMask = 2147483647;
			files = (
				DC5641391E8E32FC008DDAFB /* LaunchScreen.storyboard in Resources */,
				DC5641361E8E32FC008DDAFB /* Assets.xcassets in Resources */,
				DC5641341E8E32FC008DDAFB /* Main.storyboard in Resources */,
				DC8D33EC1E921A7F004D4BC1 /* items.plist in Resources */,
			);
			runOnlyForDeploymentPostprocessing = 0;
		};
/* End PBXResourcesBuildPhase section */

/* Begin PBXSourcesBuildPhase section */
		DC5641271E8E32FB008DDAFB /* Sources */ = {
			isa = PBXSourcesBuildPhase;
			buildActionMask = 2147483647;
			files = (
				DC5641311E8E32FC008DDAFB /* ViewController.swift in Sources */,
				DC8D33EE1E92365D004D4BC1 /* CollectionReusableView.swift in Sources */,
				DC5641611E8E71C7008DDAFB /* CVCell.swift in Sources */,
				DC56412F1E8E32FC008DDAFB /* AppDelegate.swift in Sources */,
			);
			runOnlyForDeploymentPostprocessing = 0;
		};
/* End PBXSourcesBuildPhase section */

/* Begin PBXVariantGroup section */
		DC5641321E8E32FC008DDAFB /* Main.storyboard */ = {
			isa = PBXVariantGroup;
			children = (
				DC5641331E8E32FC008DDAFB /* Base */,
			);
			name = Main.storyboard;
			sourceTree = "<group>";
		};
		DC5641371E8E32FC008DDAFB /* LaunchScreen.storyboard */ = {
			isa = PBXVariantGroup;
			children = (
				DC5641381E8E32FC008DDAFB /* Base */,
			);
			name = LaunchScreen.storyboard;
			sourceTree = "<group>";
		};
/* End PBXVariantGroup section */

/* Begin XCBuildConfiguration section */
		DC56413B1E8E32FC008DDAFB /* Debug */ = {
			isa = XCBuildConfiguration;
			buildSettings = {
				ALWAYS_SEARCH_USER_PATHS = NO;
				CLANG_ANALYZER_NONNULL = YES;
				CLANG_CXX_LANGUAGE_STANDARD = "gnu++0x";
				CLANG_CXX_LIBRARY = "libc++";
				CLANG_ENABLE_MODULES = YES;
				CLANG_ENABLE_OBJC_ARC = YES;
				CLANG_WARN_BOOL_CONVERSION = YES;
				CLANG_WARN_CONSTANT_CONVERSION = YES;
				CLANG_WARN_DIRECT_OBJC_ISA_USAGE = YES_ERROR;
				CLANG_WARN_DOCUMENTATION_COMMENTS = YES;
				CLANG_WARN_EMPTY_BODY = YES;
				CLANG_WARN_ENUM_CONVERSION = YES;
				CLANG_WARN_INFINITE_RECURSION = YES;
				CLANG_WARN_INT_CONVERSION = YES;
				CLANG_WARN_OBJC_ROOT_CLASS = YES_ERROR;
				CLANG_WARN_SUSPICIOUS_MOVE = YES;
				CLANG_WARN_UNREACHABLE_CODE = YES;
				CLANG_WARN__DUPLICATE_METHOD_MATCH = YES;
				"CODE_SIGN_IDENTITY[sdk=iphoneos*]" = "iPhone Developer";
				COPY_PHASE_STRIP = NO;
				DEBUG_INFORMATION_FORMAT = dwarf;
				ENABLE_STRICT_OBJC_MSGSEND = YES;
				ENABLE_TESTABILITY = YES;
				GCC_C_LANGUAGE_STANDARD = gnu99;
				GCC_DYNAMIC_NO_PIC = NO;
				GCC_NO_COMMON_BLOCKS = YES;
				GCC_OPTIMIZATION_LEVEL = 0;
				GCC_PREPROCESSOR_DEFINITIONS = (
					"DEBUG=1",
					"$(inherited)",
				);
				GCC_WARN_64_TO_32_BIT_CONVERSION = YES;
				GCC_WARN_ABOUT_RETURN_TYPE = YES_ERROR;
				GCC_WARN_UNDECLARED_SELECTOR = YES;
				GCC_WARN_UNINITIALIZED_AUTOS = YES_AGGRESSIVE;
				GCC_WARN_UNUSED_FUNCTION = YES;
				GCC_WARN_UNUSED_VARIABLE = YES;
				IPHONEOS_DEPLOYMENT_TARGET = 10.2;
				MTL_ENABLE_DEBUG_INFO = YES;
				ONLY_ACTIVE_ARCH = YES;
				SDKROOT = iphoneos;
				SWIFT_ACTIVE_COMPILATION_CONDITIONS = DEBUG;
				SWIFT_OPTIMIZATION_LEVEL = "-Onone";
				TARGETED_DEVICE_FAMILY = "1,2";
			};
			name = Debug;
		};
		DC56413C1E8E32FC008DDAFB /* Release */ = {
			isa = XCBuildConfiguration;
			buildSettings = {
				ALWAYS_SEARCH_USER_PATHS = NO;
				CLANG_ANALYZER_NONNULL = YES;
				CLANG_CXX_LANGUAGE_STANDARD = "gnu++0x";
				CLANG_CXX_LIBRARY = "libc++";
				CLANG_ENABLE_MODULES = YES;
				CLANG_ENABLE_OBJC_ARC = YES;
				CLANG_WARN_BOOL_CONVERSION = YES;
				CLANG_WARN_CONSTANT_CONVERSION = YES;
				CLANG_WARN_DIRECT_OBJC_ISA_USAGE = YES_ERROR;
				CLANG_WARN_DOCUMENTATION_COMMENTS = YES;
				CLANG_WARN_EMPTY_BODY = YES;
				CLANG_WARN_ENUM_CONVERSION = YES;
				CLANG_WARN_INFINITE_RECURSION = YES;
				CLANG_WARN_INT_CONVERSION = YES;
				CLANG_WARN_OBJC_ROOT_CLASS = YES_ERROR;
				CLANG_WARN_SUSPICIOUS_MOVE = YES;
				CLANG_WARN_UNREACHABLE_CODE = YES;
				CLANG_WARN__DUPLICATE_METHOD_MATCH = YES;
				"CODE_SIGN_IDENTITY[sdk=iphoneos*]" = "iPhone Developer";
				COPY_PHASE_STRIP = NO;
				DEBUG_INFORMATION_FORMAT = "dwarf-with-dsym";
				ENABLE_NS_ASSERTIONS = NO;
				ENABLE_STRICT_OBJC_MSGSEND = YES;
				GCC_C_LANGUAGE_STANDARD = gnu99;
				GCC_NO_COMMON_BLOCKS = YES;
				GCC_WARN_64_TO_32_BIT_CONVERSION = YES;
				GCC_WARN_ABOUT_RETURN_TYPE = YES_ERROR;
				GCC_WARN_UNDECLARED_SELECTOR = YES;
				GCC_WARN_UNINITIALIZED_AUTOS = YES_AGGRESSIVE;
				GCC_WARN_UNUSED_FUNCTION = YES;
				GCC_WARN_UNUSED_VARIABLE = YES;
				IPHONEOS_DEPLOYMENT_TARGET = 10.2;
				MTL_ENABLE_DEBUG_INFO = NO;
				SDKROOT = iphoneos;
				SWIFT_OPTIMIZATION_LEVEL = "-Owholemodule";
				TARGETED_DEVICE_FAMILY = "1,2";
				VALIDATE_PRODUCT = YES;
			};
			name = Release;
		};
		DC56413E1E8E32FC008DDAFB /* Debug */ = {
			isa = XCBuildConfiguration;
			buildSettings = {
				ASSETCATALOG_COMPILER_APPICON_NAME = AppIcon;
				INFOPLIST_FILE = CollectionViewDemo/Info.plist;
				LD_RUNPATH_SEARCH_PATHS = "$(inherited) @executable_path/Frameworks";
				PRODUCT_BUNDLE_IDENTIFIER = com.test.Demo.CollectionViewDemo;
				PRODUCT_NAME = "$(TARGET_NAME)";
				SWIFT_VERSION = 3.0;
			};
			name = Debug;
		};
		DC56413F1E8E32FC008DDAFB /* Release */ = {
			isa = XCBuildConfiguration;
			buildSettings = {
				ASSETCATALOG_COMPILER_APPICON_NAME = AppIcon;
				INFOPLIST_FILE = CollectionViewDemo/Info.plist;
				LD_RUNPATH_SEARCH_PATHS = "$(inherited) @executable_path/Frameworks";
				PRODUCT_BUNDLE_IDENTIFIER = com.test.Demo.CollectionViewDemo;
				PRODUCT_NAME = "$(TARGET_NAME)";
				SWIFT_VERSION = 3.0;
			};
			name = Release;
		};
/* End XCBuildConfiguration section */

/* Begin XCConfigurationList section */
		DC5641261E8E32FB008DDAFB /* Build configuration list for PBXProject "CollectionViewDemo" */ = {
			isa = XCConfigurationList;
			buildConfigurations = (
				DC56413B1E8E32FC008DDAFB /* Debug */,
				DC56413C1E8E32FC008DDAFB /* Release */,
			);
			defaultConfigurationIsVisible = 0;
			defaultConfigurationName = Release;
		};
		DC56413D1E8E32FC008DDAFB /* Build configuration list for PBXNativeTarget "CollectionViewDemo" */ = {
			isa = XCConfigurationList;
			buildConfigurations = (
				DC56413E1E8E32FC008DDAFB /* Debug */,
				DC56413F1E8E32FC008DDAFB /* Release */,
			);
			defaultConfigurationIsVisible = 0;
			defaultConfigurationName = Release;
		};
/* End XCConfigurationList section */
	};
	rootObject = DC5641231E8E32FB008DDAFB /* Project object */;
}
